
Microsoft Visual Studio Solution File, Format Version 12.00
Project("{FAE04EC0-301F-11D3-BF4B-00C04F79EFBC}") = "RMP.Host", "RMP.Host.csproj", "{0A75DF80-FE6A-4B49-85E4-DFED3C791393}"
EndProject
Global
	GlobalSection(SolutionConfigurationPlatforms) = preSolution
		Debug|Any CPU = Debug|Any CPU
		Release|Any CPU = Release|Any CPU
	EndGlobalSection
	GlobalSection(ProjectConfigurationPlatforms) = postSolution
		{0A75DF80-FE6A-4B49-85E4-DFED3C791393}.Debug|Any CPU.ActiveCfg = Debug|Any CPU
		{0A75DF80-FE6A-4B49-85E4-DFED3C791393}.Debug|Any CPU.Build.0 = Debug|Any CPU
		{0A75DF80-FE6A-4B49-85E4-DFED3C791393}.Release|Any CPU.ActiveCfg = Release|Any CPU
		{0A75DF80-FE6A-4B49-85E4-DFED3C791393}.Release|Any CPU.Build.0 = Release|Any CPU
	EndGlobalSection
EndGlobal
